<?xml version="1.0" encoding="utf-8"?>
<Project ToolsVersion="4.0" xmlns="http://schemas.microsoft.com/developer/msbuild/2003">
  <ItemGroup>
    <Filter Include="Source Files">
      <UniqueIdentifier>{4FC737F1-C7A5-4376-A066-2A32D752A2FF}</UniqueIdentifier>
      <Extensions>cpp;c;cc;cxx;def;odl;idl;hpj;bat;asm;asmx</Extensions>
    </Filter>
    <Filter Include="Header Files">
      <UniqueIdentifier>{93995380-89BD-4b04-88EB-625FBE52EBFB}</UniqueIdentifier>
      <Extensions>h;hh;hpp;hxx;hm;inl;inc;ipp;xsd</Extensions>
    </Filter>
    <Filter Include="Resource Files">
      <UniqueIdentifier>{67DA6AB6-F800-4c08-8B7A-83BB121AAD01}</UniqueIdentifier>
      <Extensions>rc;ico;cur;bmp;dlg;rc2;rct;bin;rgs;gif;jpg;jpeg;jpe;resx;tiff;tif;png;wav;mfcribbon-ms</Extensions>
    </Filter>
    <Filter Include="Notifications">
      <UniqueIdentifier>{0c0ccc6d-42e1-417e-a8c3-a85cdee8e20b}</UniqueIdentifier>
    </Filter>
    <Filter Include="Notifications\Header Files">
      <UniqueIdentifier>{490138dd-c3a6-4ce2-85dd-f3416129399a}</UniqueIdentifier>
    </Filter>
    <Filter Include="Notifications\Source Files">
      <UniqueIdentifier>{b5a66825-d857-499a-bfe5-7c82b8431bbc}</UniqueIdentifier>
    </Filter>
    <Filter Include="Logger">
      <UniqueIdentifier>{ccad718e-cfaa-4c6c-be0f-5da90bcfc2ff}</UniqueIdentifier>
    </Filter>
    <Filter Include="Logger\Header Files">
      <UniqueIdentifier>{335c238f-70d9-4fe8-8e7d-51191ca87e5b}</UniqueIdentifier>
    </Filter>
    <Filter Include="Logger\Source Files">
      <UniqueIdentifier>{487bd072-75fb-48d6-980e-6eded90ee269}</UniqueIdentifier>
    </Filter>
  </ItemGroup>
  <ItemGroup>
    <ClCompile Include="ProcessNotificationClient.cpp">
      <Filter>Source Files</Filter>
    </ClCompile>
    <ClCompile Include="pch.cpp">
      <Filter>Source Files</Filter>
    </ClCompile>
    <ClCompile Include="ProcessNotification\Notification\IProcessNotification.cpp">
      <Filter>Notifications\Source Files</Filter>
    </ClCompile>
    <ClCompile Include="ProcessNotification\Notification\process.cpp">
      <Filter>Notifications\Source Files</Filter>
    </ClCompile>
    <ClCompile Include="ProcessNotification\Notification\process_list.cpp">
      <Filter>Notifications\Source Files</Filter>
    </ClCompile>
    <ClCompile Include="ProcessNotification\Notification\process_module.cpp">
      <Filter>Notifications\Source Files</Filter>
    </ClCompile>
    <ClCompile Include="ProcessNotification\Notification\process_thread.cpp">
      <Filter>Notifications\Source Files</Filter>
    </ClCompile>
    <ClCompile Include="ProcessNotification\Notification\ProcessNotification.cpp">
      <Filter>Notifications\Source Files</Filter>
    </ClCompile>
    <ClCompile Include="Logger\Logger.cpp">
      <Filter>Logger\Source Files</Filter>
    </ClCompile>
    <ClCompile Include="Logger\Settings.cpp">
      <Filter>Logger\Source Files</Filter>
    </ClCompile>
  </ItemGroup>
  <ItemGroup>
    <ClInclude Include="pch.h">
      <Filter>Header Files</Filter>
    </ClInclude>
    <ClInclude Include="ProcessNotification\Notification\ProcessNotification.h">
      <Filter>Notifications\Header Files</Filter>
    </ClInclude>
    <ClInclude Include="ProcessNotification\Notification\IProcessNotification.h">
      <Filter>Notifications\Header Files</Filter>
    </ClInclude>
    <ClInclude Include="ProcessNotification\Notification\process.h">
      <Filter>Notifications\Header Files</Filter>
    </ClInclude>
    <ClInclude Include="ProcessNotification\Notification\process_list.h">
      <Filter>Notifications\Header Files</Filter>
    </ClInclude>
    <ClInclude Include="ProcessNotification\Notification\process_module.h">
      <Filter>Notifications\Header Files</Filter>
    </ClInclude>
    <ClInclude Include="ProcessNotification\Notification\process_thread.h">
      <Filter>Notifications\Header Files</Filter>
    </ClInclude>
    <ClInclude Include="Logger\Logger.h">
      <Filter>Logger\Header Files</Filter>
    </ClInclude>
    <ClInclude Include="Logger\Settings.h">
      <Filter>Logger\Header Files</Filter>
    </ClInclude>
  </ItemGroup>
  <ItemGroup>
    <None Include="packages.config" />
  </ItemGroup>
</Project>